
Microsoft Visual Studio Solution File, Format Version 12.00
# Visual Studio Version 16
VisualStudioVersion = 16.0.29318.209
MinimumVisualStudioVersion = 10.0.40219.1
Project("{FAE04EC0-301F-11D3-BF4B-00C04F79EFBC}") = "ACM.BL", "ACM.BL\ACM.BL.csproj", "{E5258E9F-E754-4452-B26A-5E3716AFF71E}"
EndProject
Global
	GlobalSection(SolutionConfigurationPlatforms) = preSolution
		Debug|Any CPU = Debug|Any CPU
		Release|Any CPU = Release|Any CPU
	EndGlobalSection
	GlobalSection(ProjectConfigurationPlatforms) = postSolution
		{E5258E9F-E754-4452-B26A-5E3716AFF71E}.Debug|Any CPU.ActiveCfg = Debug|Any CPU
		{E5258E9F-E754-4452-B26A-5E3716AFF71E}.Debug|Any CPU.Build.0 = Debug|Any CPU
		{E5258E9F-E754-4452-B26A-5E3716AFF71E}.Release|Any CPU.ActiveCfg = Release|Any CPU
		{E5258E9F-E754-4452-B26A-5E3716AFF71E}.Release|Any CPU.Build.0 = Release|Any CPU
	EndGlobalSection
	GlobalSection(SolutionProperties) = preSolution
		HideSolutionNode = FALSE
	EndGlobalSection
	GlobalSection(ExtensibilityGlobals) = postSolution
		SolutionGuid = {AC737AEA-9CF8-4F12-96BB-5031F4F89579}
	EndGlobalSection
EndGlobal
